
Microsoft Visual Studio Solution File, Format Version 12.00
# Visual Studio Version 17
VisualStudioVersion = 17.13.35825.156 d17.13
MinimumVisualStudioVersion = 10.0.40219.1
Project("{FAE04EC0-301F-11D3-BF4B-00C04F79EFBC}") = "loops_task2", "loops_task2\loops_task2.csproj", "{23C5EC66-CA53-4B72-BE55-E3A637F79809}"
EndProject
Global
	GlobalSection(SolutionConfigurationPlatforms) = preSolution
		Debug|Any CPU = Debug|Any CPU
		Release|Any CPU = Release|Any CPU
	EndGlobalSection
	GlobalSection(ProjectConfigurationPlatforms) = postSolution
		{23C5EC66-CA53-4B72-BE55-E3A637F79809}.Debug|Any CPU.ActiveCfg = Debug|Any CPU
		{23C5EC66-CA53-4B72-BE55-E3A637F79809}.Debug|Any CPU.Build.0 = Debug|Any CPU
		{23C5EC66-CA53-4B72-BE55-E3A637F79809}.Release|Any CPU.ActiveCfg = Release|Any CPU
		{23C5EC66-CA53-4B72-BE55-E3A637F79809}.Release|Any CPU.Build.0 = Release|Any CPU
	EndGlobalSection
	GlobalSection(SolutionProperties) = preSolution
		HideSolutionNode = FALSE
	EndGlobalSection
	GlobalSection(ExtensibilityGlobals) = postSolution
		SolutionGuid = {2E8E26D9-3A28-4D29-B469-9F83763B69F3}
	EndGlobalSection
EndGlobal
